{
  "version": 4,
  "terraform_version": "1.1.8",
  "serial": 300,
  "lineage": "0f6751c7-51e3-03cb-a737-6e2d309d29ba",
  "outputs": {
    "sg": {
      "value": "sg-0a576c3ac02398541",
      "type": "string"
    },
    "sn1": {
      "value": "subnet-0b9d792a29809cd93",
      "type": "string"
    },
    "sn2": {
      "value": "subnet-04cf38fce6eaff8e1",
      "type": "string"
    },
    "sn3": {
      "value": "subnet-090208a9688b7fe38",
      "type": "string"
    },
    "vpc_id": {
      "value": "vpc-02890318643eba98b",
      "type": "string"
    }
  },
  "resources": [
    {
      "module": "module.jenkinsec2",
      "mode": "managed",
      "type": "aws_instance",
      "name": "instance-1",
      "provider": "provider[\"registry.terraform.io/hashicorp/aws\"]",
      "instances": [
        {
          "schema_version": 1,
          "attributes": {
            "ami": "ami-0022f774911c1d690",
            "arn": "arn:aws:ec2:us-east-1:561355585388:instance/i-005ebfc967f8a5148",
            "associate_public_ip_address": true,
            "availability_zone": "us-east-1a",
            "capacity_reservation_specification": [
              {
                "capacity_reservation_preference": "open",
                "capacity_reservation_target": []
              }
            ],
            "cpu_core_count": 1,
            "cpu_threads_per_core": 1,
            "credit_specification": [
              {
                "cpu_credits": "standard"
              }
            ],
            "disable_api_termination": false,
            "ebs_block_device": [],
            "ebs_optimized": false,
            "enclave_options": [
              {
                "enabled": false
              }
            ],
            "ephemeral_block_device": [],
            "get_password_data": false,
            "hibernation": false,
            "host_id": null,
            "iam_instance_profile": "",
            "id": "i-005ebfc967f8a5148",
            "instance_initiated_shutdown_behavior": "stop",
            "instance_state": "running",
            "instance_type": "t2.micro",
            "ipv6_address_count": 0,
            "ipv6_addresses": [],
            "key_name": "venkatgiri877",
            "launch_template": [],
            "maintenance_options": [
              {
                "auto_recovery": "default"
              }
            ],
            "metadata_options": [
              {
                "http_endpoint": "enabled",
                "http_put_response_hop_limit": 1,
                "http_tokens": "optional",
                "instance_metadata_tags": "disabled"
              }
            ],
            "monitoring": false,
            "network_interface": [],
            "outpost_arn": "",
            "password_data": "",
            "placement_group": "",
            "placement_partition_number": null,
            "primary_network_interface_id": "eni-0785fdba80ff88a11",
            "private_dns": "ip-18-0-1-10.ec2.internal",
            "private_ip": "18.0.1.10",
            "public_dns": "ec2-3-231-149-102.compute-1.amazonaws.com",
            "public_ip": "3.231.149.102",
            "root_block_device": [
              {
                "delete_on_termination": true,
                "device_name": "/dev/xvda",
                "encrypted": false,
                "iops": 100,
                "kms_key_id": "",
                "tags": {},
                "throughput": 0,
                "volume_id": "vol-0ef9e9882e51c3cc3",
                "volume_size": 8,
                "volume_type": "gp2"
              }
            ],
            "secondary_private_ips": [],
            "security_groups": [],
            "source_dest_check": true,
            "subnet_id": "subnet-0b9d792a29809cd93",
            "tags": {
              "CostCenter": "ABCD",
              "Env": "Prod",
              "Name": "Jenkins",
              "Owner": "Venkat"
            },
            "tags_all": {
              "CostCenter": "ABCD",
              "Env": "Prod",
              "Name": "Jenkins",
              "Owner": "Venkat"
            },
            "tenancy": "default",
            "timeouts": null,
            "user_data": null,
            "user_data_base64": null,
            "user_data_replace_on_change": false,
            "volume_tags": null,
            "vpc_security_group_ids": [
              "sg-0a576c3ac02398541"
            ]
          },
          "sensitive_attributes": [],
          "private": "eyJlMmJmYjczMC1lY2FhLTExZTYtOGY4OC0zNDM2M2JjN2M0YzAiOnsiY3JlYXRlIjo2MDAwMDAwMDAwMDAsImRlbGV0ZSI6MTIwMDAwMDAwMDAwMCwidXBkYXRlIjo2MDAwMDAwMDAwMDB9LCJzY2hlbWFfdmVyc2lvbiI6IjEifQ==",
          "dependencies": [
            "module.opstree.aws_security_group.allow_all",
            "module.opstree.aws_subnet.subnet1-public",
            "module.opstree.aws_vpc.default"
          ]
        }
      ]
    },
    {
      "module": "module.jenkinsec2",
      "mode": "managed",
      "type": "aws_instance",
      "name": "instance-2",
      "provider": "provider[\"registry.terraform.io/hashicorp/aws\"]",
      "instances": [
        {
          "schema_version": 1,
          "attributes": {
            "ami": "ami-0022f774911c1d690",
            "arn": "arn:aws:ec2:us-east-1:561355585388:instance/i-011df4022c2a4efe1",
            "associate_public_ip_address": true,
            "availability_zone": "us-east-1c",
            "capacity_reservation_specification": [
              {
                "capacity_reservation_preference": "open",
                "capacity_reservation_target": []
              }
            ],
            "cpu_core_count": 1,
            "cpu_threads_per_core": 1,
            "credit_specification": [
              {
                "cpu_credits": "standard"
              }
            ],
            "disable_api_termination": false,
            "ebs_block_device": [],
            "ebs_optimized": false,
            "enclave_options": [
              {
                "enabled": false
              }
            ],
            "ephemeral_block_device": [],
            "get_password_data": false,
            "hibernation": false,
            "host_id": null,
            "iam_instance_profile": "",
            "id": "i-011df4022c2a4efe1",
            "instance_initiated_shutdown_behavior": "stop",
            "instance_state": "running",
            "instance_type": "t2.micro",
            "ipv6_address_count": 0,
            "ipv6_addresses": [],
            "key_name": "venkatgiri877",
            "launch_template": [],
            "maintenance_options": [
              {
                "auto_recovery": "default"
              }
            ],
            "metadata_options": [
              {
                "http_endpoint": "enabled",
                "http_put_response_hop_limit": 1,
                "http_tokens": "optional",
                "instance_metadata_tags": "disabled"
              }
            ],
            "monitoring": false,
            "network_interface": [],
            "outpost_arn": "",
            "password_data": "",
            "placement_group": "",
            "placement_partition_number": null,
            "primary_network_interface_id": "eni-0adba82ef8bc7201b",
            "private_dns": "ip-18-0-3-172.ec2.internal",
            "private_ip": "18.0.3.172",
            "public_dns": "ec2-100-26-29-81.compute-1.amazonaws.com",
            "public_ip": "100.26.29.81",
            "root_block_device": [
              {
                "delete_on_termination": true,
                "device_name": "/dev/xvda",
                "encrypted": false,
                "iops": 100,
                "kms_key_id": "",
                "tags": {},
                "throughput": 0,
                "volume_id": "vol-0a29bddb1838faaa4",
                "volume_size": 8,
                "volume_type": "gp2"
              }
            ],
            "secondary_private_ips": [],
            "security_groups": [],
            "source_dest_check": true,
            "subnet_id": "subnet-090208a9688b7fe38",
            "tags": {
              "CostCenter": "ABCD",
              "Env": "Prod",
              "Name": "Ansible",
              "Owner": "Venkat"
            },
            "tags_all": {
              "CostCenter": "ABCD",
              "Env": "Prod",
              "Name": "Ansible",
              "Owner": "Venkat"
            },
            "tenancy": "default",
            "timeouts": null,
            "user_data": null,
            "user_data_base64": null,
            "user_data_replace_on_change": false,
            "volume_tags": null,
            "vpc_security_group_ids": [
              "sg-0a576c3ac02398541"
            ]
          },
          "sensitive_attributes": [],
          "private": "eyJlMmJmYjczMC1lY2FhLTExZTYtOGY4OC0zNDM2M2JjN2M0YzAiOnsiY3JlYXRlIjo2MDAwMDAwMDAwMDAsImRlbGV0ZSI6MTIwMDAwMDAwMDAwMCwidXBkYXRlIjo2MDAwMDAwMDAwMDB9LCJzY2hlbWFfdmVyc2lvbiI6IjEifQ==",
          "dependencies": [
            "module.opstree.aws_security_group.allow_all",
            "module.opstree.aws_vpc.default"
          ]
        }
      ]
    },
    {
      "module": "module.jenkinsec2",
      "mode": "managed",
      "type": "null_resource",
      "name": "AnsibleInstall",
      "provider": "provider[\"registry.terraform.io/hashicorp/null\"]",
      "instances": [
        {
          "status": "tainted",
          "schema_version": 0,
          "attributes": {
            "id": "4525916255496204675",
            "triggers": null
          },
          "sensitive_attributes": [],
          "private": "bnVsbA==",
          "dependencies": [
            "module.jenkinsec2.aws_instance.instance-2"
          ]
        }
      ]
    },
    {
      "module": "module.jenkinsec2",
      "mode": "managed",
      "type": "null_resource",
      "name": "JenkinsInstall",
      "provider": "provider[\"registry.terraform.io/hashicorp/null\"]",
      "instances": [
        {
          "schema_version": 0,
          "attributes": {
            "id": "4492510980684145261",
            "triggers": null
          },
          "sensitive_attributes": [],
          "private": "bnVsbA==",
          "dependencies": [
            "module.jenkinsec2.aws_instance.instance-1",
            "module.opstree.aws_security_group.allow_all",
            "module.opstree.aws_subnet.subnet1-public",
            "module.opstree.aws_vpc.default"
          ]
        }
      ]
    },
    {
      "module": "module.opstree",
      "mode": "managed",
      "type": "aws_internet_gateway",
      "name": "default",
      "provider": "provider[\"registry.terraform.io/hashicorp/aws\"]",
      "instances": [
        {
          "schema_version": 0,
          "attributes": {
            "arn": "arn:aws:ec2:us-east-1:561355585388:internet-gateway/igw-06e66665cc75f5bb2",
            "id": "igw-06e66665cc75f5bb2",
            "owner_id": "561355585388",
            "tags": {
              "Name": "opstree_IG"
            },
            "tags_all": {
              "Name": "opstree_IG"
            },
            "vpc_id": "vpc-02890318643eba98b"
          },
          "sensitive_attributes": [],
          "private": "bnVsbA==",
          "dependencies": [
            "module.opstree.aws_vpc.default"
          ]
        }
      ]
    },
    {
      "module": "module.opstree",
      "mode": "managed",
      "type": "aws_route_table",
      "name": "terraform-public",
      "provider": "provider[\"registry.terraform.io/hashicorp/aws\"]",
      "instances": [
        {
          "schema_version": 0,
          "attributes": {
            "arn": "arn:aws:ec2:us-east-1:561355585388:route-table/rtb-0c37de7c8adbfaead",
            "id": "rtb-0c37de7c8adbfaead",
            "owner_id": "561355585388",
            "propagating_vgws": [],
            "route": [
              {
                "carrier_gateway_id": "",
                "cidr_block": "0.0.0.0/0",
                "core_network_arn": "",
                "destination_prefix_list_id": "",
                "egress_only_gateway_id": "",
                "gateway_id": "igw-06e66665cc75f5bb2",
                "instance_id": "",
                "ipv6_cidr_block": "",
                "local_gateway_id": "",
                "nat_gateway_id": "",
                "network_interface_id": "",
                "transit_gateway_id": "",
                "vpc_endpoint_id": "",
                "vpc_peering_connection_id": ""
              }
            ],
            "tags": {
              "Name": "opstree_RT"
            },
            "tags_all": {
              "Name": "opstree_RT"
            },
            "timeouts": null,
            "vpc_id": "vpc-02890318643eba98b"
          },
          "sensitive_attributes": [],
          "private": "eyJlMmJmYjczMC1lY2FhLTExZTYtOGY4OC0zNDM2M2JjN2M0YzAiOnsiY3JlYXRlIjozMDAwMDAwMDAwMDAsImRlbGV0ZSI6MzAwMDAwMDAwMDAwLCJ1cGRhdGUiOjEyMDAwMDAwMDAwMH19",
          "dependencies": [
            "module.opstree.aws_internet_gateway.default",
            "module.opstree.aws_vpc.default"
          ]
        }
      ]
    },
    {
      "module": "module.opstree",
      "mode": "managed",
      "type": "aws_route_table_association",
      "name": "terraform-public1",
      "provider": "provider[\"registry.terraform.io/hashicorp/aws\"]",
      "instances": [
        {
          "schema_version": 0,
          "attributes": {
            "gateway_id": "",
            "id": "rtbassoc-020589dbaf0d8a429",
            "route_table_id": "rtb-0c37de7c8adbfaead",
            "subnet_id": "subnet-0b9d792a29809cd93"
          },
          "sensitive_attributes": [],
          "private": "bnVsbA==",
          "dependencies": [
            "module.opstree.aws_internet_gateway.default",
            "module.opstree.aws_route_table.terraform-public",
            "module.opstree.aws_subnet.subnet1-public",
            "module.opstree.aws_vpc.default"
          ]
        }
      ]
    },
    {
      "module": "module.opstree",
      "mode": "managed",
      "type": "aws_route_table_association",
      "name": "terraform-public2",
      "provider": "provider[\"registry.terraform.io/hashicorp/aws\"]",
      "instances": [
        {
          "schema_version": 0,
          "attributes": {
            "gateway_id": "",
            "id": "rtbassoc-00c84f568e5ca226b",
            "route_table_id": "rtb-0c37de7c8adbfaead",
            "subnet_id": "subnet-04cf38fce6eaff8e1"
          },
          "sensitive_attributes": [],
          "private": "bnVsbA==",
          "dependencies": [
            "module.opstree.aws_internet_gateway.default",
            "module.opstree.aws_route_table.terraform-public",
            "module.opstree.aws_subnet.subnet2-public",
            "module.opstree.aws_vpc.default"
          ]
        }
      ]
    },
    {
      "module": "module.opstree",
      "mode": "managed",
      "type": "aws_route_table_association",
      "name": "terraform-public3",
      "provider": "provider[\"registry.terraform.io/hashicorp/aws\"]",
      "instances": [
        {
          "schema_version": 0,
          "attributes": {
            "gateway_id": "",
            "id": "rtbassoc-09399b79f29e44f5c",
            "route_table_id": "rtb-0c37de7c8adbfaead",
            "subnet_id": "subnet-090208a9688b7fe38"
          },
          "sensitive_attributes": [],
          "private": "bnVsbA==",
          "dependencies": [
            "module.opstree.aws_internet_gateway.default",
            "module.opstree.aws_route_table.terraform-public",
            "module.opstree.aws_subnet.subnet3-public",
            "module.opstree.aws_vpc.default"
          ]
        }
      ]
    },
    {
      "module": "module.opstree",
      "mode": "managed",
      "type": "aws_security_group",
      "name": "allow_all",
      "provider": "provider[\"registry.terraform.io/hashicorp/aws\"]",
      "instances": [
        {
          "schema_version": 1,
          "attributes": {
            "arn": "arn:aws:ec2:us-east-1:561355585388:security-group/sg-0a576c3ac02398541",
            "description": "Allow all inbound traffic",
            "egress": [
              {
                "cidr_blocks": [
                  "0.0.0.0/0"
                ],
                "description": "",
                "from_port": 0,
                "ipv6_cidr_blocks": [],
                "prefix_list_ids": [],
                "protocol": "-1",
                "security_groups": [],
                "self": false,
                "to_port": 0
              }
            ],
            "id": "sg-0a576c3ac02398541",
            "ingress": [
              {
                "cidr_blocks": [
                  "0.0.0.0/0"
                ],
                "description": "",
                "from_port": 0,
                "ipv6_cidr_blocks": [],
                "prefix_list_ids": [],
                "protocol": "-1",
                "security_groups": [],
                "self": false,
                "to_port": 0
              }
            ],
            "name": "allow_all",
            "name_prefix": "",
            "owner_id": "561355585388",
            "revoke_rules_on_delete": false,
            "tags": {},
            "tags_all": {},
            "timeouts": null,
            "vpc_id": "vpc-02890318643eba98b"
          },
          "sensitive_attributes": [],
          "private": "eyJlMmJmYjczMC1lY2FhLTExZTYtOGY4OC0zNDM2M2JjN2M0YzAiOnsiY3JlYXRlIjo2MDAwMDAwMDAwMDAsImRlbGV0ZSI6OTAwMDAwMDAwMDAwfSwic2NoZW1hX3ZlcnNpb24iOiIxIn0=",
          "dependencies": [
            "module.opstree.aws_vpc.default"
          ]
        }
      ]
    },
    {
      "module": "module.opstree",
      "mode": "managed",
      "type": "aws_subnet",
      "name": "subnet1-public",
      "provider": "provider[\"registry.terraform.io/hashicorp/aws\"]",
      "instances": [
        {
          "schema_version": 1,
          "attributes": {
            "arn": "arn:aws:ec2:us-east-1:561355585388:subnet/subnet-0b9d792a29809cd93",
            "assign_ipv6_address_on_creation": false,
            "availability_zone": "us-east-1a",
            "availability_zone_id": "use1-az1",
            "cidr_block": "18.0.1.0/24",
            "customer_owned_ipv4_pool": "",
            "enable_dns64": false,
            "enable_resource_name_dns_a_record_on_launch": false,
            "enable_resource_name_dns_aaaa_record_on_launch": false,
            "id": "subnet-0b9d792a29809cd93",
            "ipv6_cidr_block": "",
            "ipv6_cidr_block_association_id": "",
            "ipv6_native": false,
            "map_customer_owned_ip_on_launch": false,
            "map_public_ip_on_launch": false,
            "outpost_arn": "",
            "owner_id": "561355585388",
            "private_dns_hostname_type_on_launch": "ip-name",
            "tags": {
              "Name": "opstree_SN1"
            },
            "tags_all": {
              "Name": "opstree_SN1"
            },
            "timeouts": null,
            "vpc_id": "vpc-02890318643eba98b"
          },
          "sensitive_attributes": [],
          "private": "eyJlMmJmYjczMC1lY2FhLTExZTYtOGY4OC0zNDM2M2JjN2M0YzAiOnsiY3JlYXRlIjo2MDAwMDAwMDAwMDAsImRlbGV0ZSI6MTIwMDAwMDAwMDAwMH0sInNjaGVtYV92ZXJzaW9uIjoiMSJ9",
          "dependencies": [
            "module.opstree.aws_vpc.default"
          ]
        }
      ]
    },
    {
      "module": "module.opstree",
      "mode": "managed",
      "type": "aws_subnet",
      "name": "subnet2-public",
      "provider": "provider[\"registry.terraform.io/hashicorp/aws\"]",
      "instances": [
        {
          "schema_version": 1,
          "attributes": {
            "arn": "arn:aws:ec2:us-east-1:561355585388:subnet/subnet-04cf38fce6eaff8e1",
            "assign_ipv6_address_on_creation": false,
            "availability_zone": "us-east-1b",
            "availability_zone_id": "use1-az2",
            "cidr_block": "18.0.2.0/24",
            "customer_owned_ipv4_pool": "",
            "enable_dns64": false,
            "enable_resource_name_dns_a_record_on_launch": false,
            "enable_resource_name_dns_aaaa_record_on_launch": false,
            "id": "subnet-04cf38fce6eaff8e1",
            "ipv6_cidr_block": "",
            "ipv6_cidr_block_association_id": "",
            "ipv6_native": false,
            "map_customer_owned_ip_on_launch": false,
            "map_public_ip_on_launch": false,
            "outpost_arn": "",
            "owner_id": "561355585388",
            "private_dns_hostname_type_on_launch": "ip-name",
            "tags": {
              "Name": "opstree_SN2"
            },
            "tags_all": {
              "Name": "opstree_SN2"
            },
            "timeouts": null,
            "vpc_id": "vpc-02890318643eba98b"
          },
          "sensitive_attributes": [],
          "private": "eyJlMmJmYjczMC1lY2FhLTExZTYtOGY4OC0zNDM2M2JjN2M0YzAiOnsiY3JlYXRlIjo2MDAwMDAwMDAwMDAsImRlbGV0ZSI6MTIwMDAwMDAwMDAwMH0sInNjaGVtYV92ZXJzaW9uIjoiMSJ9",
          "dependencies": [
            "module.opstree.aws_vpc.default"
          ]
        }
      ]
    },
    {
      "module": "module.opstree",
      "mode": "managed",
      "type": "aws_subnet",
      "name": "subnet3-public",
      "provider": "provider[\"registry.terraform.io/hashicorp/aws\"]",
      "instances": [
        {
          "schema_version": 1,
          "attributes": {
            "arn": "arn:aws:ec2:us-east-1:561355585388:subnet/subnet-090208a9688b7fe38",
            "assign_ipv6_address_on_creation": false,
            "availability_zone": "us-east-1c",
            "availability_zone_id": "use1-az4",
            "cidr_block": "18.0.3.0/24",
            "customer_owned_ipv4_pool": "",
            "enable_dns64": false,
            "enable_resource_name_dns_a_record_on_launch": false,
            "enable_resource_name_dns_aaaa_record_on_launch": false,
            "id": "subnet-090208a9688b7fe38",
            "ipv6_cidr_block": "",
            "ipv6_cidr_block_association_id": "",
            "ipv6_native": false,
            "map_customer_owned_ip_on_launch": false,
            "map_public_ip_on_launch": false,
            "outpost_arn": "",
            "owner_id": "561355585388",
            "private_dns_hostname_type_on_launch": "ip-name",
            "tags": {
              "Name": "opstree_SN3"
            },
            "tags_all": {
              "Name": "opstree_SN3"
            },
            "timeouts": null,
            "vpc_id": "vpc-02890318643eba98b"
          },
          "sensitive_attributes": [],
          "private": "eyJlMmJmYjczMC1lY2FhLTExZTYtOGY4OC0zNDM2M2JjN2M0YzAiOnsiY3JlYXRlIjo2MDAwMDAwMDAwMDAsImRlbGV0ZSI6MTIwMDAwMDAwMDAwMH0sInNjaGVtYV92ZXJzaW9uIjoiMSJ9",
          "dependencies": [
            "module.opstree.aws_vpc.default"
          ]
        }
      ]
    },
    {
      "module": "module.opstree",
      "mode": "managed",
      "type": "aws_vpc",
      "name": "default",
      "provider": "provider[\"registry.terraform.io/hashicorp/aws\"]",
      "instances": [
        {
          "schema_version": 1,
          "attributes": {
            "arn": "arn:aws:ec2:us-east-1:561355585388:vpc/vpc-02890318643eba98b",
            "assign_generated_ipv6_cidr_block": false,
            "cidr_block": "18.0.0.0/16",
            "default_network_acl_id": "acl-04ed6a85655e577f1",
            "default_route_table_id": "rtb-0324b2847f80667ac",
            "default_security_group_id": "sg-0e9540859f872b3c9",
            "dhcp_options_id": "dopt-59efa423",
            "enable_classiclink": false,
            "enable_classiclink_dns_support": false,
            "enable_dns_hostnames": true,
            "enable_dns_support": true,
            "id": "vpc-02890318643eba98b",
            "instance_tenancy": "default",
            "ipv4_ipam_pool_id": null,
            "ipv4_netmask_length": null,
            "ipv6_association_id": "",
            "ipv6_cidr_block": "",
            "ipv6_cidr_block_network_border_group": "",
            "ipv6_ipam_pool_id": "",
            "ipv6_netmask_length": 0,
            "main_route_table_id": "rtb-0324b2847f80667ac",
            "owner_id": "561355585388",
            "tags": {
              "Name": "opstree",
              "Owner": "Venkat",
              "environment": "Dev"
            },
            "tags_all": {
              "Name": "opstree",
              "Owner": "Venkat",
              "environment": "Dev"
            }
          },
          "sensitive_attributes": [],
          "private": "eyJzY2hlbWFfdmVyc2lvbiI6IjEifQ=="
        }
      ]
    }
  ]
}
