{
  "version": 4,
  "terraform_version": "1.1.8",
  "serial": 61,
  "lineage": "0f6751c7-51e3-03cb-a737-6e2d309d29ba",
  "outputs": {
    "sg": {
      "value": "sg-0b1877cc451e73a78",
      "type": "string"
    },
    "sn1": {
      "value": "subnet-0e131512140c7b813",
      "type": "string"
    },
    "sn2": {
      "value": "subnet-088751d6363fb48d6",
      "type": "string"
    },
    "sn3": {
      "value": "subnet-0dc0342b8b4c112be",
      "type": "string"
    },
    "vpc_id": {
      "value": "vpc-0efa2c2f6304eb430",
      "type": "string"
    }
  },
  "resources": [
    {
      "module": "module.avizva",
      "mode": "managed",
      "type": "aws_internet_gateway",
      "name": "default",
      "provider": "provider[\"registry.terraform.io/hashicorp/aws\"]",
      "instances": [
        {
          "schema_version": 0,
          "attributes": {
            "arn": "arn:aws:ec2:us-east-1:095698008274:internet-gateway/igw-0bb9746cfa8203442",
            "id": "igw-0bb9746cfa8203442",
            "owner_id": "095698008274",
            "tags": {
              "Name": "avizva_IG"
            },
            "tags_all": {
              "Name": "avizva_IG"
            },
            "vpc_id": "vpc-0090a2b09b65bbd29"
          },
          "sensitive_attributes": [],
          "private": "bnVsbA==",
          "dependencies": [
            "module.avizva.aws_vpc.default"
          ]
        }
      ]
    },
    {
      "module": "module.avizva",
      "mode": "managed",
      "type": "aws_route_table",
      "name": "terraform-public",
      "provider": "provider[\"registry.terraform.io/hashicorp/aws\"]",
      "instances": [
        {
          "schema_version": 0,
          "attributes": {
            "arn": "arn:aws:ec2:us-east-1:095698008274:route-table/rtb-052cb9df18f6bc202",
            "id": "rtb-052cb9df18f6bc202",
            "owner_id": "095698008274",
            "propagating_vgws": [],
            "route": [
              {
                "carrier_gateway_id": "",
                "cidr_block": "0.0.0.0/0",
                "core_network_arn": "",
                "destination_prefix_list_id": "",
                "egress_only_gateway_id": "",
                "gateway_id": "igw-0bb9746cfa8203442",
                "instance_id": "",
                "ipv6_cidr_block": "",
                "local_gateway_id": "",
                "nat_gateway_id": "",
                "network_interface_id": "",
                "transit_gateway_id": "",
                "vpc_endpoint_id": "",
                "vpc_peering_connection_id": ""
              }
            ],
            "tags": {
              "Name": "avizva_RT"
            },
            "tags_all": {
              "Name": "avizva_RT"
            },
            "timeouts": null,
            "vpc_id": "vpc-0090a2b09b65bbd29"
          },
          "sensitive_attributes": [],
          "private": "eyJlMmJmYjczMC1lY2FhLTExZTYtOGY4OC0zNDM2M2JjN2M0YzAiOnsiY3JlYXRlIjozMDAwMDAwMDAwMDAsImRlbGV0ZSI6MzAwMDAwMDAwMDAwLCJ1cGRhdGUiOjEyMDAwMDAwMDAwMH19",
          "dependencies": [
            "module.avizva.aws_internet_gateway.default",
            "module.avizva.aws_vpc.default"
          ]
        }
      ]
    },
    {
      "module": "module.avizva",
      "mode": "managed",
      "type": "aws_route_table_association",
      "name": "terraform-public1",
      "provider": "provider[\"registry.terraform.io/hashicorp/aws\"]",
      "instances": [
        {
          "schema_version": 0,
          "attributes": {
            "gateway_id": "",
            "id": "rtbassoc-0090108e61de3b02a",
            "route_table_id": "rtb-052cb9df18f6bc202",
            "subnet_id": "subnet-099bed5476eb2255d"
          },
          "sensitive_attributes": [],
          "private": "bnVsbA==",
          "dependencies": [
            "module.avizva.aws_internet_gateway.default",
            "module.avizva.aws_route_table.terraform-public",
            "module.avizva.aws_subnet.subnet1-public",
            "module.avizva.aws_vpc.default"
          ]
        }
      ]
    },
    {
      "module": "module.avizva",
      "mode": "managed",
      "type": "aws_route_table_association",
      "name": "terraform-public2",
      "provider": "provider[\"registry.terraform.io/hashicorp/aws\"]",
      "instances": [
        {
          "schema_version": 0,
          "attributes": {
            "gateway_id": "",
            "id": "rtbassoc-0e4252ff0afe83405",
            "route_table_id": "rtb-052cb9df18f6bc202",
            "subnet_id": "subnet-04c2a2e190e2dfca2"
          },
          "sensitive_attributes": [],
          "private": "bnVsbA==",
          "dependencies": [
            "module.avizva.aws_internet_gateway.default",
            "module.avizva.aws_route_table.terraform-public",
            "module.avizva.aws_subnet.subnet2-public",
            "module.avizva.aws_vpc.default"
          ]
        }
      ]
    },
    {
      "module": "module.avizva",
      "mode": "managed",
      "type": "aws_route_table_association",
      "name": "terraform-public3",
      "provider": "provider[\"registry.terraform.io/hashicorp/aws\"]",
      "instances": [
        {
          "schema_version": 0,
          "attributes": {
            "gateway_id": "",
            "id": "rtbassoc-02e6234c73c6f0a26",
            "route_table_id": "rtb-052cb9df18f6bc202",
            "subnet_id": "subnet-0857f247b0029aca0"
          },
          "sensitive_attributes": [],
          "private": "bnVsbA==",
          "dependencies": [
            "module.avizva.aws_internet_gateway.default",
            "module.avizva.aws_route_table.terraform-public",
            "module.avizva.aws_subnet.subnet3-public",
            "module.avizva.aws_vpc.default"
          ]
        }
      ]
    },
    {
      "module": "module.avizva",
      "mode": "managed",
      "type": "aws_security_group",
      "name": "allow_all",
      "provider": "provider[\"registry.terraform.io/hashicorp/aws\"]",
      "instances": [
        {
          "schema_version": 1,
          "attributes": {
            "arn": "arn:aws:ec2:us-east-1:095698008274:security-group/sg-0c0843eee966382ef",
            "description": "Allow all inbound traffic",
            "egress": [
              {
                "cidr_blocks": [
                  "0.0.0.0/0"
                ],
                "description": "",
                "from_port": 0,
                "ipv6_cidr_blocks": [],
                "prefix_list_ids": [],
                "protocol": "-1",
                "security_groups": [],
                "self": false,
                "to_port": 0
              }
            ],
            "id": "sg-0c0843eee966382ef",
            "ingress": [
              {
                "cidr_blocks": [
                  "0.0.0.0/0"
                ],
                "description": "",
                "from_port": 0,
                "ipv6_cidr_blocks": [],
                "prefix_list_ids": [],
                "protocol": "-1",
                "security_groups": [],
                "self": false,
                "to_port": 0
              }
            ],
            "name": "allow_all",
            "name_prefix": "",
            "owner_id": "095698008274",
            "revoke_rules_on_delete": false,
            "tags": {},
            "tags_all": {},
            "timeouts": null,
            "vpc_id": "vpc-0090a2b09b65bbd29"
          },
          "sensitive_attributes": [],
          "private": "eyJlMmJmYjczMC1lY2FhLTExZTYtOGY4OC0zNDM2M2JjN2M0YzAiOnsiY3JlYXRlIjo2MDAwMDAwMDAwMDAsImRlbGV0ZSI6OTAwMDAwMDAwMDAwfSwic2NoZW1hX3ZlcnNpb24iOiIxIn0=",
          "dependencies": [
            "module.avizva.aws_vpc.default"
          ]
        }
      ]
    },
    {
      "module": "module.avizva",
      "mode": "managed",
      "type": "aws_subnet",
      "name": "subnet1-public",
      "provider": "provider[\"registry.terraform.io/hashicorp/aws\"]",
      "instances": [
        {
          "schema_version": 1,
          "attributes": {
            "arn": "arn:aws:ec2:us-east-1:095698008274:subnet/subnet-099bed5476eb2255d",
            "assign_ipv6_address_on_creation": false,
            "availability_zone": "us-east-1a",
            "availability_zone_id": "use1-az4",
            "cidr_block": "20.0.1.0/24",
            "customer_owned_ipv4_pool": "",
            "enable_dns64": false,
            "enable_resource_name_dns_a_record_on_launch": false,
            "enable_resource_name_dns_aaaa_record_on_launch": false,
            "id": "subnet-099bed5476eb2255d",
            "ipv6_cidr_block": "",
            "ipv6_cidr_block_association_id": "",
            "ipv6_native": false,
            "map_customer_owned_ip_on_launch": false,
            "map_public_ip_on_launch": false,
            "outpost_arn": "",
            "owner_id": "095698008274",
            "private_dns_hostname_type_on_launch": "ip-name",
            "tags": {
              "Name": "avizva_SN1"
            },
            "tags_all": {
              "Name": "avizva_SN1"
            },
            "timeouts": null,
            "vpc_id": "vpc-0090a2b09b65bbd29"
          },
          "sensitive_attributes": [],
          "private": "eyJlMmJmYjczMC1lY2FhLTExZTYtOGY4OC0zNDM2M2JjN2M0YzAiOnsiY3JlYXRlIjo2MDAwMDAwMDAwMDAsImRlbGV0ZSI6MTIwMDAwMDAwMDAwMH0sInNjaGVtYV92ZXJzaW9uIjoiMSJ9",
          "dependencies": [
            "module.avizva.aws_vpc.default"
          ]
        }
      ]
    },
    {
      "module": "module.avizva",
      "mode": "managed",
      "type": "aws_subnet",
      "name": "subnet2-public",
      "provider": "provider[\"registry.terraform.io/hashicorp/aws\"]",
      "instances": [
        {
          "schema_version": 1,
          "attributes": {
            "arn": "arn:aws:ec2:us-east-1:095698008274:subnet/subnet-04c2a2e190e2dfca2",
            "assign_ipv6_address_on_creation": false,
            "availability_zone": "us-east-1b",
            "availability_zone_id": "use1-az6",
            "cidr_block": "20.0.2.0/24",
            "customer_owned_ipv4_pool": "",
            "enable_dns64": false,
            "enable_resource_name_dns_a_record_on_launch": false,
            "enable_resource_name_dns_aaaa_record_on_launch": false,
            "id": "subnet-04c2a2e190e2dfca2",
            "ipv6_cidr_block": "",
            "ipv6_cidr_block_association_id": "",
            "ipv6_native": false,
            "map_customer_owned_ip_on_launch": false,
            "map_public_ip_on_launch": false,
            "outpost_arn": "",
            "owner_id": "095698008274",
            "private_dns_hostname_type_on_launch": "ip-name",
            "tags": {
              "Name": "avizva_SN2"
            },
            "tags_all": {
              "Name": "avizva_SN2"
            },
            "timeouts": null,
            "vpc_id": "vpc-0090a2b09b65bbd29"
          },
          "sensitive_attributes": [],
          "private": "eyJlMmJmYjczMC1lY2FhLTExZTYtOGY4OC0zNDM2M2JjN2M0YzAiOnsiY3JlYXRlIjo2MDAwMDAwMDAwMDAsImRlbGV0ZSI6MTIwMDAwMDAwMDAwMH0sInNjaGVtYV92ZXJzaW9uIjoiMSJ9",
          "dependencies": [
            "module.avizva.aws_vpc.default"
          ]
        }
      ]
    },
    {
      "module": "module.avizva",
      "mode": "managed",
      "type": "aws_subnet",
      "name": "subnet3-public",
      "provider": "provider[\"registry.terraform.io/hashicorp/aws\"]",
      "instances": [
        {
          "schema_version": 1,
          "attributes": {
            "arn": "arn:aws:ec2:us-east-1:095698008274:subnet/subnet-0857f247b0029aca0",
            "assign_ipv6_address_on_creation": false,
            "availability_zone": "us-east-1c",
            "availability_zone_id": "use1-az1",
            "cidr_block": "20.0.3.0/24",
            "customer_owned_ipv4_pool": "",
            "enable_dns64": false,
            "enable_resource_name_dns_a_record_on_launch": false,
            "enable_resource_name_dns_aaaa_record_on_launch": false,
            "id": "subnet-0857f247b0029aca0",
            "ipv6_cidr_block": "",
            "ipv6_cidr_block_association_id": "",
            "ipv6_native": false,
            "map_customer_owned_ip_on_launch": false,
            "map_public_ip_on_launch": false,
            "outpost_arn": "",
            "owner_id": "095698008274",
            "private_dns_hostname_type_on_launch": "ip-name",
            "tags": {
              "Name": "avizva_SN3"
            },
            "tags_all": {
              "Name": "avizva_SN3"
            },
            "timeouts": null,
            "vpc_id": "vpc-0090a2b09b65bbd29"
          },
          "sensitive_attributes": [],
          "private": "eyJlMmJmYjczMC1lY2FhLTExZTYtOGY4OC0zNDM2M2JjN2M0YzAiOnsiY3JlYXRlIjo2MDAwMDAwMDAwMDAsImRlbGV0ZSI6MTIwMDAwMDAwMDAwMH0sInNjaGVtYV92ZXJzaW9uIjoiMSJ9",
          "dependencies": [
            "module.avizva.aws_vpc.default"
          ]
        }
      ]
    },
    {
      "module": "module.avizva",
      "mode": "managed",
      "type": "aws_vpc",
      "name": "default",
      "provider": "provider[\"registry.terraform.io/hashicorp/aws\"]",
      "instances": [
        {
          "schema_version": 1,
          "attributes": {
            "arn": "arn:aws:ec2:us-east-1:095698008274:vpc/vpc-0090a2b09b65bbd29",
            "assign_generated_ipv6_cidr_block": false,
            "cidr_block": "20.0.0.0/16",
            "default_network_acl_id": "acl-083b1b1cedc913c4d",
            "default_route_table_id": "rtb-04a3fc1333ba5b95a",
            "default_security_group_id": "sg-09224b207038fc968",
            "dhcp_options_id": "dopt-07a31cb5723e382b7",
            "enable_classiclink": false,
            "enable_classiclink_dns_support": false,
            "enable_dns_hostnames": true,
            "enable_dns_support": true,
            "id": "vpc-0090a2b09b65bbd29",
            "instance_tenancy": "default",
            "ipv4_ipam_pool_id": null,
            "ipv4_netmask_length": null,
            "ipv6_association_id": "",
            "ipv6_cidr_block": "",
            "ipv6_cidr_block_network_border_group": "",
            "ipv6_ipam_pool_id": "",
            "ipv6_netmask_length": 0,
            "main_route_table_id": "rtb-04a3fc1333ba5b95a",
            "owner_id": "095698008274",
            "tags": {
              "Name": "avizva",
              "Owner": "Venkat",
              "environment": "Dev"
            },
            "tags_all": {
              "Name": "avizva",
              "Owner": "Venkat",
              "environment": "Dev"
            }
          },
          "sensitive_attributes": [],
          "private": "eyJzY2hlbWFfdmVyc2lvbiI6IjEifQ=="
        }
      ]
    },
    {
      "module": "module.capec2",
      "mode": "managed",
      "type": "aws_instance",
      "name": "instance-1",
      "provider": "provider[\"registry.terraform.io/hashicorp/aws\"]",
      "instances": [
        {
          "schema_version": 1,
          "attributes": {
            "ami": "ami-0022f774911c1d690",
            "arn": "arn:aws:ec2:us-east-1:095698008274:instance/i-073e0773472fbd6e4",
            "associate_public_ip_address": true,
            "availability_zone": "us-east-1a",
            "capacity_reservation_specification": [
              {
                "capacity_reservation_preference": "open",
                "capacity_reservation_target": []
              }
            ],
            "cpu_core_count": 1,
            "cpu_threads_per_core": 1,
            "credit_specification": [
              {
                "cpu_credits": "standard"
              }
            ],
            "disable_api_termination": false,
            "ebs_block_device": [],
            "ebs_optimized": false,
            "enclave_options": [
              {
                "enabled": false
              }
            ],
            "ephemeral_block_device": [],
            "get_password_data": false,
            "hibernation": false,
            "host_id": null,
            "iam_instance_profile": "",
            "id": "i-073e0773472fbd6e4",
            "instance_initiated_shutdown_behavior": "stop",
            "instance_state": "running",
            "instance_type": "t2.micro",
            "ipv6_address_count": 0,
            "ipv6_addresses": [],
            "key_name": "devops_project",
            "launch_template": [],
            "maintenance_options": [
              {
                "auto_recovery": "default"
              }
            ],
            "metadata_options": [
              {
                "http_endpoint": "enabled",
                "http_put_response_hop_limit": 1,
                "http_tokens": "optional",
                "instance_metadata_tags": "disabled"
              }
            ],
            "monitoring": false,
            "network_interface": [],
            "outpost_arn": "",
            "password_data": "",
            "placement_group": "",
            "placement_partition_number": null,
            "primary_network_interface_id": "eni-06e67c1ddd61fe46a",
            "private_dns": "ip-18-0-1-192.ec2.internal",
            "private_ip": "18.0.1.192",
            "public_dns": "ec2-3-80-228-240.compute-1.amazonaws.com",
            "public_ip": "3.80.228.240",
            "root_block_device": [
              {
                "delete_on_termination": true,
                "device_name": "/dev/xvda",
                "encrypted": false,
                "iops": 100,
                "kms_key_id": "",
                "tags": {},
                "throughput": 0,
                "volume_id": "vol-0e9e0e3ef54f6d602",
                "volume_size": 8,
                "volume_type": "gp2"
              }
            ],
            "secondary_private_ips": [],
            "security_groups": [],
            "source_dest_check": true,
            "subnet_id": "subnet-0e131512140c7b813",
            "tags": {
              "CostCenter": "ABCD",
              "Env": "Prod",
              "Name": "capServer1",
              "Owner": "Sree"
            },
            "tags_all": {
              "CostCenter": "ABCD",
              "Env": "Prod",
              "Name": "capServer1",
              "Owner": "Sree"
            },
            "tenancy": "default",
            "timeouts": null,
            "user_data": null,
            "user_data_base64": null,
            "user_data_replace_on_change": false,
            "volume_tags": null,
            "vpc_security_group_ids": [
              "sg-0b1877cc451e73a78"
            ]
          },
          "sensitive_attributes": [],
          "private": "eyJlMmJmYjczMC1lY2FhLTExZTYtOGY4OC0zNDM2M2JjN2M0YzAiOnsiY3JlYXRlIjo2MDAwMDAwMDAwMDAsImRlbGV0ZSI6MTIwMDAwMDAwMDAwMCwidXBkYXRlIjo2MDAwMDAwMDAwMDB9LCJzY2hlbWFfdmVyc2lvbiI6IjEifQ==",
          "dependencies": [
            "module.capgemini.aws_security_group.allow_all",
            "module.capgemini.aws_subnet.subnet1-public"
          ]
        }
      ]
    },
    {
      "module": "module.capgemini",
      "mode": "managed",
      "type": "aws_internet_gateway",
      "name": "default",
      "provider": "provider[\"registry.terraform.io/hashicorp/aws\"]",
      "instances": [
        {
          "schema_version": 0,
          "attributes": {
            "arn": "arn:aws:ec2:us-east-1:095698008274:internet-gateway/igw-0db9fcad1701bbdb4",
            "id": "igw-0db9fcad1701bbdb4",
            "owner_id": "095698008274",
            "tags": {
              "Name": "capgemini_IG"
            },
            "tags_all": {
              "Name": "capgemini_IG"
            },
            "vpc_id": "vpc-0efa2c2f6304eb430"
          },
          "sensitive_attributes": [],
          "private": "bnVsbA==",
          "dependencies": [
            "module.capgemini.aws_vpc.default"
          ]
        }
      ]
    },
    {
      "module": "module.capgemini",
      "mode": "managed",
      "type": "aws_route_table",
      "name": "terraform-public",
      "provider": "provider[\"registry.terraform.io/hashicorp/aws\"]",
      "instances": [
        {
          "schema_version": 0,
          "attributes": {
            "arn": "arn:aws:ec2:us-east-1:095698008274:route-table/rtb-0e842c03ccc0a18c9",
            "id": "rtb-0e842c03ccc0a18c9",
            "owner_id": "095698008274",
            "propagating_vgws": [],
            "route": [
              {
                "carrier_gateway_id": "",
                "cidr_block": "0.0.0.0/0",
                "core_network_arn": "",
                "destination_prefix_list_id": "",
                "egress_only_gateway_id": "",
                "gateway_id": "igw-0db9fcad1701bbdb4",
                "instance_id": "",
                "ipv6_cidr_block": "",
                "local_gateway_id": "",
                "nat_gateway_id": "",
                "network_interface_id": "",
                "transit_gateway_id": "",
                "vpc_endpoint_id": "",
                "vpc_peering_connection_id": ""
              }
            ],
            "tags": {
              "Name": "capgemini_RT"
            },
            "tags_all": {
              "Name": "capgemini_RT"
            },
            "timeouts": null,
            "vpc_id": "vpc-0efa2c2f6304eb430"
          },
          "sensitive_attributes": [],
          "private": "eyJlMmJmYjczMC1lY2FhLTExZTYtOGY4OC0zNDM2M2JjN2M0YzAiOnsiY3JlYXRlIjozMDAwMDAwMDAwMDAsImRlbGV0ZSI6MzAwMDAwMDAwMDAwLCJ1cGRhdGUiOjEyMDAwMDAwMDAwMH19",
          "dependencies": [
            "module.capgemini.aws_internet_gateway.default",
            "module.capgemini.aws_vpc.default"
          ]
        }
      ]
    },
    {
      "module": "module.capgemini",
      "mode": "managed",
      "type": "aws_route_table_association",
      "name": "terraform-public1",
      "provider": "provider[\"registry.terraform.io/hashicorp/aws\"]",
      "instances": [
        {
          "schema_version": 0,
          "attributes": {
            "gateway_id": "",
            "id": "rtbassoc-0f936f3e11181c402",
            "route_table_id": "rtb-0e842c03ccc0a18c9",
            "subnet_id": "subnet-0e131512140c7b813"
          },
          "sensitive_attributes": [],
          "private": "bnVsbA==",
          "dependencies": [
            "module.capgemini.aws_internet_gateway.default",
            "module.capgemini.aws_route_table.terraform-public",
            "module.capgemini.aws_subnet.subnet1-public",
            "module.capgemini.aws_vpc.default"
          ]
        }
      ]
    },
    {
      "module": "module.capgemini",
      "mode": "managed",
      "type": "aws_route_table_association",
      "name": "terraform-public2",
      "provider": "provider[\"registry.terraform.io/hashicorp/aws\"]",
      "instances": [
        {
          "schema_version": 0,
          "attributes": {
            "gateway_id": "",
            "id": "rtbassoc-0848f3c82356a2dfc",
            "route_table_id": "rtb-0e842c03ccc0a18c9",
            "subnet_id": "subnet-088751d6363fb48d6"
          },
          "sensitive_attributes": [],
          "private": "bnVsbA==",
          "dependencies": [
            "module.capgemini.aws_internet_gateway.default",
            "module.capgemini.aws_route_table.terraform-public",
            "module.capgemini.aws_subnet.subnet2-public",
            "module.capgemini.aws_vpc.default"
          ]
        }
      ]
    },
    {
      "module": "module.capgemini",
      "mode": "managed",
      "type": "aws_route_table_association",
      "name": "terraform-public3",
      "provider": "provider[\"registry.terraform.io/hashicorp/aws\"]",
      "instances": [
        {
          "schema_version": 0,
          "attributes": {
            "gateway_id": "",
            "id": "rtbassoc-07f704492c9fc1aa8",
            "route_table_id": "rtb-0e842c03ccc0a18c9",
            "subnet_id": "subnet-0dc0342b8b4c112be"
          },
          "sensitive_attributes": [],
          "private": "bnVsbA==",
          "dependencies": [
            "module.capgemini.aws_internet_gateway.default",
            "module.capgemini.aws_route_table.terraform-public",
            "module.capgemini.aws_subnet.subnet3-public",
            "module.capgemini.aws_vpc.default"
          ]
        }
      ]
    },
    {
      "module": "module.capgemini",
      "mode": "managed",
      "type": "aws_security_group",
      "name": "allow_all",
      "provider": "provider[\"registry.terraform.io/hashicorp/aws\"]",
      "instances": [
        {
          "schema_version": 1,
          "attributes": {
            "arn": "arn:aws:ec2:us-east-1:095698008274:security-group/sg-0b1877cc451e73a78",
            "description": "Allow all inbound traffic",
            "egress": [
              {
                "cidr_blocks": [
                  "0.0.0.0/0"
                ],
                "description": "",
                "from_port": 0,
                "ipv6_cidr_blocks": [],
                "prefix_list_ids": [],
                "protocol": "-1",
                "security_groups": [],
                "self": false,
                "to_port": 0
              }
            ],
            "id": "sg-0b1877cc451e73a78",
            "ingress": [
              {
                "cidr_blocks": [
                  "0.0.0.0/0"
                ],
                "description": "",
                "from_port": 0,
                "ipv6_cidr_blocks": [],
                "prefix_list_ids": [],
                "protocol": "-1",
                "security_groups": [],
                "self": false,
                "to_port": 0
              }
            ],
            "name": "allow_all",
            "name_prefix": "",
            "owner_id": "095698008274",
            "revoke_rules_on_delete": false,
            "tags": {},
            "tags_all": {},
            "timeouts": null,
            "vpc_id": "vpc-0efa2c2f6304eb430"
          },
          "sensitive_attributes": [],
          "private": "eyJlMmJmYjczMC1lY2FhLTExZTYtOGY4OC0zNDM2M2JjN2M0YzAiOnsiY3JlYXRlIjo2MDAwMDAwMDAwMDAsImRlbGV0ZSI6OTAwMDAwMDAwMDAwfSwic2NoZW1hX3ZlcnNpb24iOiIxIn0=",
          "dependencies": [
            "module.capgemini.aws_vpc.default"
          ]
        }
      ]
    },
    {
      "module": "module.capgemini",
      "mode": "managed",
      "type": "aws_subnet",
      "name": "subnet1-public",
      "provider": "provider[\"registry.terraform.io/hashicorp/aws\"]",
      "instances": [
        {
          "schema_version": 1,
          "attributes": {
            "arn": "arn:aws:ec2:us-east-1:095698008274:subnet/subnet-0e131512140c7b813",
            "assign_ipv6_address_on_creation": false,
            "availability_zone": "us-east-1a",
            "availability_zone_id": "use1-az4",
            "cidr_block": "18.0.1.0/24",
            "customer_owned_ipv4_pool": "",
            "enable_dns64": false,
            "enable_resource_name_dns_a_record_on_launch": false,
            "enable_resource_name_dns_aaaa_record_on_launch": false,
            "id": "subnet-0e131512140c7b813",
            "ipv6_cidr_block": "",
            "ipv6_cidr_block_association_id": "",
            "ipv6_native": false,
            "map_customer_owned_ip_on_launch": false,
            "map_public_ip_on_launch": false,
            "outpost_arn": "",
            "owner_id": "095698008274",
            "private_dns_hostname_type_on_launch": "ip-name",
            "tags": {
              "Name": "capgemini_SN1"
            },
            "tags_all": {
              "Name": "capgemini_SN1"
            },
            "timeouts": null,
            "vpc_id": "vpc-0efa2c2f6304eb430"
          },
          "sensitive_attributes": [],
          "private": "eyJlMmJmYjczMC1lY2FhLTExZTYtOGY4OC0zNDM2M2JjN2M0YzAiOnsiY3JlYXRlIjo2MDAwMDAwMDAwMDAsImRlbGV0ZSI6MTIwMDAwMDAwMDAwMH0sInNjaGVtYV92ZXJzaW9uIjoiMSJ9",
          "dependencies": [
            "module.capgemini.aws_vpc.default"
          ]
        }
      ]
    },
    {
      "module": "module.capgemini",
      "mode": "managed",
      "type": "aws_subnet",
      "name": "subnet2-public",
      "provider": "provider[\"registry.terraform.io/hashicorp/aws\"]",
      "instances": [
        {
          "schema_version": 1,
          "attributes": {
            "arn": "arn:aws:ec2:us-east-1:095698008274:subnet/subnet-088751d6363fb48d6",
            "assign_ipv6_address_on_creation": false,
            "availability_zone": "us-east-1b",
            "availability_zone_id": "use1-az6",
            "cidr_block": "18.0.2.0/24",
            "customer_owned_ipv4_pool": "",
            "enable_dns64": false,
            "enable_resource_name_dns_a_record_on_launch": false,
            "enable_resource_name_dns_aaaa_record_on_launch": false,
            "id": "subnet-088751d6363fb48d6",
            "ipv6_cidr_block": "",
            "ipv6_cidr_block_association_id": "",
            "ipv6_native": false,
            "map_customer_owned_ip_on_launch": false,
            "map_public_ip_on_launch": false,
            "outpost_arn": "",
            "owner_id": "095698008274",
            "private_dns_hostname_type_on_launch": "ip-name",
            "tags": {
              "Name": "capgemini_SN2"
            },
            "tags_all": {
              "Name": "capgemini_SN2"
            },
            "timeouts": null,
            "vpc_id": "vpc-0efa2c2f6304eb430"
          },
          "sensitive_attributes": [],
          "private": "eyJlMmJmYjczMC1lY2FhLTExZTYtOGY4OC0zNDM2M2JjN2M0YzAiOnsiY3JlYXRlIjo2MDAwMDAwMDAwMDAsImRlbGV0ZSI6MTIwMDAwMDAwMDAwMH0sInNjaGVtYV92ZXJzaW9uIjoiMSJ9",
          "dependencies": [
            "module.capgemini.aws_vpc.default"
          ]
        }
      ]
    },
    {
      "module": "module.capgemini",
      "mode": "managed",
      "type": "aws_subnet",
      "name": "subnet3-public",
      "provider": "provider[\"registry.terraform.io/hashicorp/aws\"]",
      "instances": [
        {
          "schema_version": 1,
          "attributes": {
            "arn": "arn:aws:ec2:us-east-1:095698008274:subnet/subnet-0dc0342b8b4c112be",
            "assign_ipv6_address_on_creation": false,
            "availability_zone": "us-east-1c",
            "availability_zone_id": "use1-az1",
            "cidr_block": "18.0.3.0/24",
            "customer_owned_ipv4_pool": "",
            "enable_dns64": false,
            "enable_resource_name_dns_a_record_on_launch": false,
            "enable_resource_name_dns_aaaa_record_on_launch": false,
            "id": "subnet-0dc0342b8b4c112be",
            "ipv6_cidr_block": "",
            "ipv6_cidr_block_association_id": "",
            "ipv6_native": false,
            "map_customer_owned_ip_on_launch": false,
            "map_public_ip_on_launch": false,
            "outpost_arn": "",
            "owner_id": "095698008274",
            "private_dns_hostname_type_on_launch": "ip-name",
            "tags": {
              "Name": "capgemini_SN3"
            },
            "tags_all": {
              "Name": "capgemini_SN3"
            },
            "timeouts": null,
            "vpc_id": "vpc-0efa2c2f6304eb430"
          },
          "sensitive_attributes": [],
          "private": "eyJlMmJmYjczMC1lY2FhLTExZTYtOGY4OC0zNDM2M2JjN2M0YzAiOnsiY3JlYXRlIjo2MDAwMDAwMDAwMDAsImRlbGV0ZSI6MTIwMDAwMDAwMDAwMH0sInNjaGVtYV92ZXJzaW9uIjoiMSJ9",
          "dependencies": [
            "module.capgemini.aws_vpc.default"
          ]
        }
      ]
    },
    {
      "module": "module.capgemini",
      "mode": "managed",
      "type": "aws_vpc",
      "name": "default",
      "provider": "provider[\"registry.terraform.io/hashicorp/aws\"]",
      "instances": [
        {
          "schema_version": 1,
          "attributes": {
            "arn": "arn:aws:ec2:us-east-1:095698008274:vpc/vpc-0efa2c2f6304eb430",
            "assign_generated_ipv6_cidr_block": false,
            "cidr_block": "18.0.0.0/16",
            "default_network_acl_id": "acl-0c58eaa2b9bd5f69a",
            "default_route_table_id": "rtb-085021e2d093a8b51",
            "default_security_group_id": "sg-06dc5401b7380ff50",
            "dhcp_options_id": "dopt-07a31cb5723e382b7",
            "enable_classiclink": false,
            "enable_classiclink_dns_support": false,
            "enable_dns_hostnames": true,
            "enable_dns_support": true,
            "id": "vpc-0efa2c2f6304eb430",
            "instance_tenancy": "default",
            "ipv4_ipam_pool_id": null,
            "ipv4_netmask_length": null,
            "ipv6_association_id": "",
            "ipv6_cidr_block": "",
            "ipv6_cidr_block_network_border_group": "",
            "ipv6_ipam_pool_id": "",
            "ipv6_netmask_length": 0,
            "main_route_table_id": "rtb-085021e2d093a8b51",
            "owner_id": "095698008274",
            "tags": {
              "Name": "capgemini",
              "Owner": "Venkat",
              "environment": "Dev"
            },
            "tags_all": {
              "Name": "capgemini",
              "Owner": "Venkat",
              "environment": "Dev"
            }
          },
          "sensitive_attributes": [],
          "private": "eyJzY2hlbWFfdmVyc2lvbiI6IjEifQ=="
        }
      ]
    },
    {
      "module": "module.infosys",
      "mode": "managed",
      "type": "aws_internet_gateway",
      "name": "default",
      "provider": "provider[\"registry.terraform.io/hashicorp/aws\"]",
      "instances": [
        {
          "schema_version": 0,
          "attributes": {
            "arn": "arn:aws:ec2:us-east-1:095698008274:internet-gateway/igw-0960f18b361f938bb",
            "id": "igw-0960f18b361f938bb",
            "owner_id": "095698008274",
            "tags": {
              "Name": "infosys_IG"
            },
            "tags_all": {
              "Name": "infosys_IG"
            },
            "vpc_id": "vpc-00099421c08e2192c"
          },
          "sensitive_attributes": [],
          "private": "bnVsbA==",
          "dependencies": [
            "module.infosys.aws_vpc.default"
          ]
        }
      ]
    },
    {
      "module": "module.infosys",
      "mode": "managed",
      "type": "aws_route_table",
      "name": "terraform-public",
      "provider": "provider[\"registry.terraform.io/hashicorp/aws\"]",
      "instances": [
        {
          "schema_version": 0,
          "attributes": {
            "arn": "arn:aws:ec2:us-east-1:095698008274:route-table/rtb-0c188aa25725d57db",
            "id": "rtb-0c188aa25725d57db",
            "owner_id": "095698008274",
            "propagating_vgws": [],
            "route": [
              {
                "carrier_gateway_id": "",
                "cidr_block": "0.0.0.0/0",
                "core_network_arn": "",
                "destination_prefix_list_id": "",
                "egress_only_gateway_id": "",
                "gateway_id": "igw-0960f18b361f938bb",
                "instance_id": "",
                "ipv6_cidr_block": "",
                "local_gateway_id": "",
                "nat_gateway_id": "",
                "network_interface_id": "",
                "transit_gateway_id": "",
                "vpc_endpoint_id": "",
                "vpc_peering_connection_id": ""
              }
            ],
            "tags": {
              "Name": "infosys_RT"
            },
            "tags_all": {
              "Name": "infosys_RT"
            },
            "timeouts": null,
            "vpc_id": "vpc-00099421c08e2192c"
          },
          "sensitive_attributes": [],
          "private": "eyJlMmJmYjczMC1lY2FhLTExZTYtOGY4OC0zNDM2M2JjN2M0YzAiOnsiY3JlYXRlIjozMDAwMDAwMDAwMDAsImRlbGV0ZSI6MzAwMDAwMDAwMDAwLCJ1cGRhdGUiOjEyMDAwMDAwMDAwMH19",
          "dependencies": [
            "module.infosys.aws_internet_gateway.default",
            "module.infosys.aws_vpc.default"
          ]
        }
      ]
    },
    {
      "module": "module.infosys",
      "mode": "managed",
      "type": "aws_route_table_association",
      "name": "terraform-public1",
      "provider": "provider[\"registry.terraform.io/hashicorp/aws\"]",
      "instances": [
        {
          "schema_version": 0,
          "attributes": {
            "gateway_id": "",
            "id": "rtbassoc-0bf499f49d887270d",
            "route_table_id": "rtb-0c188aa25725d57db",
            "subnet_id": "subnet-04c59210fad182160"
          },
          "sensitive_attributes": [],
          "private": "bnVsbA==",
          "dependencies": [
            "module.infosys.aws_internet_gateway.default",
            "module.infosys.aws_route_table.terraform-public",
            "module.infosys.aws_subnet.subnet1-public",
            "module.infosys.aws_vpc.default"
          ]
        }
      ]
    },
    {
      "module": "module.infosys",
      "mode": "managed",
      "type": "aws_route_table_association",
      "name": "terraform-public2",
      "provider": "provider[\"registry.terraform.io/hashicorp/aws\"]",
      "instances": [
        {
          "schema_version": 0,
          "attributes": {
            "gateway_id": "",
            "id": "rtbassoc-09b3990c4a4a06a48",
            "route_table_id": "rtb-0c188aa25725d57db",
            "subnet_id": "subnet-01738ef0ce4f0694a"
          },
          "sensitive_attributes": [],
          "private": "bnVsbA==",
          "dependencies": [
            "module.infosys.aws_internet_gateway.default",
            "module.infosys.aws_route_table.terraform-public",
            "module.infosys.aws_subnet.subnet2-public",
            "module.infosys.aws_vpc.default"
          ]
        }
      ]
    },
    {
      "module": "module.infosys",
      "mode": "managed",
      "type": "aws_route_table_association",
      "name": "terraform-public3",
      "provider": "provider[\"registry.terraform.io/hashicorp/aws\"]",
      "instances": [
        {
          "schema_version": 0,
          "attributes": {
            "gateway_id": "",
            "id": "rtbassoc-0a5fbcaafa952bb7d",
            "route_table_id": "rtb-0c188aa25725d57db",
            "subnet_id": "subnet-065196f671dd83ba3"
          },
          "sensitive_attributes": [],
          "private": "bnVsbA==",
          "dependencies": [
            "module.infosys.aws_internet_gateway.default",
            "module.infosys.aws_route_table.terraform-public",
            "module.infosys.aws_subnet.subnet3-public",
            "module.infosys.aws_vpc.default"
          ]
        }
      ]
    },
    {
      "module": "module.infosys",
      "mode": "managed",
      "type": "aws_security_group",
      "name": "allow_all",
      "provider": "provider[\"registry.terraform.io/hashicorp/aws\"]",
      "instances": [
        {
          "schema_version": 1,
          "attributes": {
            "arn": "arn:aws:ec2:us-east-1:095698008274:security-group/sg-0fad16f3be949d3af",
            "description": "Allow all inbound traffic",
            "egress": [
              {
                "cidr_blocks": [
                  "0.0.0.0/0"
                ],
                "description": "",
                "from_port": 0,
                "ipv6_cidr_blocks": [],
                "prefix_list_ids": [],
                "protocol": "-1",
                "security_groups": [],
                "self": false,
                "to_port": 0
              }
            ],
            "id": "sg-0fad16f3be949d3af",
            "ingress": [
              {
                "cidr_blocks": [
                  "0.0.0.0/0"
                ],
                "description": "",
                "from_port": 0,
                "ipv6_cidr_blocks": [],
                "prefix_list_ids": [],
                "protocol": "-1",
                "security_groups": [],
                "self": false,
                "to_port": 0
              }
            ],
            "name": "allow_all",
            "name_prefix": "",
            "owner_id": "095698008274",
            "revoke_rules_on_delete": false,
            "tags": {},
            "tags_all": {},
            "timeouts": null,
            "vpc_id": "vpc-00099421c08e2192c"
          },
          "sensitive_attributes": [],
          "private": "eyJlMmJmYjczMC1lY2FhLTExZTYtOGY4OC0zNDM2M2JjN2M0YzAiOnsiY3JlYXRlIjo2MDAwMDAwMDAwMDAsImRlbGV0ZSI6OTAwMDAwMDAwMDAwfSwic2NoZW1hX3ZlcnNpb24iOiIxIn0=",
          "dependencies": [
            "module.infosys.aws_vpc.default"
          ]
        }
      ]
    },
    {
      "module": "module.infosys",
      "mode": "managed",
      "type": "aws_subnet",
      "name": "subnet1-public",
      "provider": "provider[\"registry.terraform.io/hashicorp/aws\"]",
      "instances": [
        {
          "schema_version": 1,
          "attributes": {
            "arn": "arn:aws:ec2:us-east-1:095698008274:subnet/subnet-04c59210fad182160",
            "assign_ipv6_address_on_creation": false,
            "availability_zone": "us-east-1a",
            "availability_zone_id": "use1-az4",
            "cidr_block": "19.0.1.0/24",
            "customer_owned_ipv4_pool": "",
            "enable_dns64": false,
            "enable_resource_name_dns_a_record_on_launch": false,
            "enable_resource_name_dns_aaaa_record_on_launch": false,
            "id": "subnet-04c59210fad182160",
            "ipv6_cidr_block": "",
            "ipv6_cidr_block_association_id": "",
            "ipv6_native": false,
            "map_customer_owned_ip_on_launch": false,
            "map_public_ip_on_launch": false,
            "outpost_arn": "",
            "owner_id": "095698008274",
            "private_dns_hostname_type_on_launch": "ip-name",
            "tags": {
              "Name": "infosys_SN1"
            },
            "tags_all": {
              "Name": "infosys_SN1"
            },
            "timeouts": null,
            "vpc_id": "vpc-00099421c08e2192c"
          },
          "sensitive_attributes": [],
          "private": "eyJlMmJmYjczMC1lY2FhLTExZTYtOGY4OC0zNDM2M2JjN2M0YzAiOnsiY3JlYXRlIjo2MDAwMDAwMDAwMDAsImRlbGV0ZSI6MTIwMDAwMDAwMDAwMH0sInNjaGVtYV92ZXJzaW9uIjoiMSJ9",
          "dependencies": [
            "module.infosys.aws_vpc.default"
          ]
        }
      ]
    },
    {
      "module": "module.infosys",
      "mode": "managed",
      "type": "aws_subnet",
      "name": "subnet2-public",
      "provider": "provider[\"registry.terraform.io/hashicorp/aws\"]",
      "instances": [
        {
          "schema_version": 1,
          "attributes": {
            "arn": "arn:aws:ec2:us-east-1:095698008274:subnet/subnet-01738ef0ce4f0694a",
            "assign_ipv6_address_on_creation": false,
            "availability_zone": "us-east-1b",
            "availability_zone_id": "use1-az6",
            "cidr_block": "19.0.2.0/24",
            "customer_owned_ipv4_pool": "",
            "enable_dns64": false,
            "enable_resource_name_dns_a_record_on_launch": false,
            "enable_resource_name_dns_aaaa_record_on_launch": false,
            "id": "subnet-01738ef0ce4f0694a",
            "ipv6_cidr_block": "",
            "ipv6_cidr_block_association_id": "",
            "ipv6_native": false,
            "map_customer_owned_ip_on_launch": false,
            "map_public_ip_on_launch": false,
            "outpost_arn": "",
            "owner_id": "095698008274",
            "private_dns_hostname_type_on_launch": "ip-name",
            "tags": {
              "Name": "infosys_SN2"
            },
            "tags_all": {
              "Name": "infosys_SN2"
            },
            "timeouts": null,
            "vpc_id": "vpc-00099421c08e2192c"
          },
          "sensitive_attributes": [],
          "private": "eyJlMmJmYjczMC1lY2FhLTExZTYtOGY4OC0zNDM2M2JjN2M0YzAiOnsiY3JlYXRlIjo2MDAwMDAwMDAwMDAsImRlbGV0ZSI6MTIwMDAwMDAwMDAwMH0sInNjaGVtYV92ZXJzaW9uIjoiMSJ9",
          "dependencies": [
            "module.infosys.aws_vpc.default"
          ]
        }
      ]
    },
    {
      "module": "module.infosys",
      "mode": "managed",
      "type": "aws_subnet",
      "name": "subnet3-public",
      "provider": "provider[\"registry.terraform.io/hashicorp/aws\"]",
      "instances": [
        {
          "schema_version": 1,
          "attributes": {
            "arn": "arn:aws:ec2:us-east-1:095698008274:subnet/subnet-065196f671dd83ba3",
            "assign_ipv6_address_on_creation": false,
            "availability_zone": "us-east-1c",
            "availability_zone_id": "use1-az1",
            "cidr_block": "19.0.3.0/24",
            "customer_owned_ipv4_pool": "",
            "enable_dns64": false,
            "enable_resource_name_dns_a_record_on_launch": false,
            "enable_resource_name_dns_aaaa_record_on_launch": false,
            "id": "subnet-065196f671dd83ba3",
            "ipv6_cidr_block": "",
            "ipv6_cidr_block_association_id": "",
            "ipv6_native": false,
            "map_customer_owned_ip_on_launch": false,
            "map_public_ip_on_launch": false,
            "outpost_arn": "",
            "owner_id": "095698008274",
            "private_dns_hostname_type_on_launch": "ip-name",
            "tags": {
              "Name": "infosys_SN3"
            },
            "tags_all": {
              "Name": "infosys_SN3"
            },
            "timeouts": null,
            "vpc_id": "vpc-00099421c08e2192c"
          },
          "sensitive_attributes": [],
          "private": "eyJlMmJmYjczMC1lY2FhLTExZTYtOGY4OC0zNDM2M2JjN2M0YzAiOnsiY3JlYXRlIjo2MDAwMDAwMDAwMDAsImRlbGV0ZSI6MTIwMDAwMDAwMDAwMH0sInNjaGVtYV92ZXJzaW9uIjoiMSJ9",
          "dependencies": [
            "module.infosys.aws_vpc.default"
          ]
        }
      ]
    },
    {
      "module": "module.infosys",
      "mode": "managed",
      "type": "aws_vpc",
      "name": "default",
      "provider": "provider[\"registry.terraform.io/hashicorp/aws\"]",
      "instances": [
        {
          "schema_version": 1,
          "attributes": {
            "arn": "arn:aws:ec2:us-east-1:095698008274:vpc/vpc-00099421c08e2192c",
            "assign_generated_ipv6_cidr_block": false,
            "cidr_block": "19.0.0.0/16",
            "default_network_acl_id": "acl-05af88ff613151ac1",
            "default_route_table_id": "rtb-0f3f32f55a6c07b03",
            "default_security_group_id": "sg-0d773579e8d8b4d99",
            "dhcp_options_id": "dopt-07a31cb5723e382b7",
            "enable_classiclink": false,
            "enable_classiclink_dns_support": false,
            "enable_dns_hostnames": true,
            "enable_dns_support": true,
            "id": "vpc-00099421c08e2192c",
            "instance_tenancy": "default",
            "ipv4_ipam_pool_id": null,
            "ipv4_netmask_length": null,
            "ipv6_association_id": "",
            "ipv6_cidr_block": "",
            "ipv6_cidr_block_network_border_group": "",
            "ipv6_ipam_pool_id": "",
            "ipv6_netmask_length": 0,
            "main_route_table_id": "rtb-0f3f32f55a6c07b03",
            "owner_id": "095698008274",
            "tags": {
              "Name": "infosys",
              "Owner": "Venkat",
              "environment": "Dev"
            },
            "tags_all": {
              "Name": "infosys",
              "Owner": "Venkat",
              "environment": "Dev"
            }
          },
          "sensitive_attributes": [],
          "private": "eyJzY2hlbWFfdmVyc2lvbiI6IjEifQ=="
        }
      ]
    }
  ]
}
